
Microsoft Visual Studio Solution File, Format Version 12.00
# Visual Studio Version 16
VisualStudioVersion = 16.0.31205.134
MinimumVisualStudioVersion = 10.0.40219.1
Project("{FAE04EC0-301F-11D3-BF4B-00C04F79EFBC}") = "EmployeePayroll_Using_Threads", "EmployeePayroll_Using_Threads\EmployeePayroll_Using_Threads.csproj", "{BC4C1F9E-DBBB-47D4-B66C-6E5A900FA25B}"
EndProject
Project("{FAE04EC0-301F-11D3-BF4B-00C04F79EFBC}") = "UnitTest_Emp_Thread", "UnitTestProject1\UnitTest_Emp_Thread.csproj", "{C4C5E2D7-B99E-4A67-B079-384943D3B362}"
EndProject
Global
	GlobalSection(SolutionConfigurationPlatforms) = preSolution
		Debug|Any CPU = Debug|Any CPU
		Release|Any CPU = Release|Any CPU
	EndGlobalSection
	GlobalSection(ProjectConfigurationPlatforms) = postSolution
		{BC4C1F9E-DBBB-47D4-B66C-6E5A900FA25B}.Debug|Any CPU.ActiveCfg = Debug|Any CPU
		{BC4C1F9E-DBBB-47D4-B66C-6E5A900FA25B}.Debug|Any CPU.Build.0 = Debug|Any CPU
		{BC4C1F9E-DBBB-47D4-B66C-6E5A900FA25B}.Release|Any CPU.ActiveCfg = Release|Any CPU
		{BC4C1F9E-DBBB-47D4-B66C-6E5A900FA25B}.Release|Any CPU.Build.0 = Release|Any CPU
		{C4C5E2D7-B99E-4A67-B079-384943D3B362}.Debug|Any CPU.ActiveCfg = Debug|Any CPU
		{C4C5E2D7-B99E-4A67-B079-384943D3B362}.Debug|Any CPU.Build.0 = Debug|Any CPU
		{C4C5E2D7-B99E-4A67-B079-384943D3B362}.Release|Any CPU.ActiveCfg = Release|Any CPU
		{C4C5E2D7-B99E-4A67-B079-384943D3B362}.Release|Any CPU.Build.0 = Release|Any CPU
	EndGlobalSection
	GlobalSection(SolutionProperties) = preSolution
		HideSolutionNode = FALSE
	EndGlobalSection
	GlobalSection(ExtensibilityGlobals) = postSolution
		SolutionGuid = {44854487-0A79-4D9B-830A-705105A357B5}
	EndGlobalSection
EndGlobal
